
Microsoft Visual Studio Solution File, Format Version 12.00
Project("{FAE04EC0-301F-11D3-BF4B-00C04F79EFBC}") = "Naps2Paperless", "Naps2Paperless\Naps2Paperless.csproj", "{D9AD5318-43ED-4FCF-9749-348E085B5DCA}"
EndProject
Global
	GlobalSection(SolutionConfigurationPlatforms) = preSolution
		Debug|Any CPU = Debug|Any CPU
		Release|Any CPU = Release|Any CPU
	EndGlobalSection
	GlobalSection(ProjectConfigurationPlatforms) = postSolution
		{D9AD5318-43ED-4FCF-9749-348E085B5DCA}.Debug|Any CPU.ActiveCfg = Debug|Any CPU
		{D9AD5318-43ED-4FCF-9749-348E085B5DCA}.Debug|Any CPU.Build.0 = Debug|Any CPU
		{D9AD5318-43ED-4FCF-9749-348E085B5DCA}.Release|Any CPU.ActiveCfg = Release|Any CPU
		{D9AD5318-43ED-4FCF-9749-348E085B5DCA}.Release|Any CPU.Build.0 = Release|Any CPU
	EndGlobalSection
EndGlobal
